<?xml version="1.0" encoding="utf-8"?>
<Project ToolsVersion="4.0" xmlns="http://schemas.microsoft.com/developer/msbuild/2003">
  <ItemGroup>
    <Filter Include="Engine">
      <UniqueIdentifier>{DBC7D3B0-C769-FE86-B024-12DB9C6585D7}</UniqueIdentifier>
    </Filter>
    <Filter Include="Engine\Audio">
      <UniqueIdentifier>{1C8EDB94-08F1-6A39-B176-A3EF9DB836BC}</UniqueIdentifier>
    </Filter>
    <Filter Include="Engine\Base">
      <UniqueIdentifier>{45459A61-B1FA-1257-3AEF-0C2EA6A3095B}</UniqueIdentifier>
    </Filter>
    <Filter Include="Engine\Collision">
      <UniqueIdentifier>{B6CA0064-A2C3-1FB6-CBF5-043BB74DFFC1}</UniqueIdentifier>
    </Filter>
    <Filter Include="Engine\Events">
      <UniqueIdentifier>{5FAFB439-CB6F-3070-94AA-79ED002A754C}</UniqueIdentifier>
    </Filter>
    <Filter Include="Engine\Graphics">
      <UniqueIdentifier>{7B960115-E721-6FD9-F032-F2CD5C3DCBD9}</UniqueIdentifier>
    </Filter>
    <Filter Include="Engine\Managers">
      <UniqueIdentifier>{1890319F-841B-9F63-8D2C-2258F936FB63}</UniqueIdentifier>
    </Filter>
    <Filter Include="Engine\Platform">
      <UniqueIdentifier>{8F0ABC95-FB95-295A-04A7-AC4E70B1855A}</UniqueIdentifier>
    </Filter>
    <Filter Include="Engine\Platform\OpenGL">
      <UniqueIdentifier>{E35CAFB7-CF56-D809-B8C3-6E1AA45C3E76}</UniqueIdentifier>
    </Filter>
    <Filter Include="Engine\Storage">
      <UniqueIdentifier>{1F7106A2-0B3F-FAA7-F4D2-6ACEE03FD60C}</UniqueIdentifier>
    </Filter>
    <Filter Include="Engine\Systems">
      <UniqueIdentifier>{E2C8F9AD-CE96-EDB3-B72A-5EDAA397C918}</UniqueIdentifier>
    </Filter>
    <Filter Include="Engine\Util">
      <UniqueIdentifier>{0800A561-74B5-1D57-FDA9-172E695E145B}</UniqueIdentifier>
    </Filter>
    <Filter Include="User">
      <UniqueIdentifier>{64A28D7C-50D9-8E0D-F9C5-7410E5DB0A0F}</UniqueIdentifier>
    </Filter>
    <Filter Include="User\Events">
      <UniqueIdentifier>{C835D0F9-34EB-48EF-BDDF-42C629943FF3}</UniqueIdentifier>
    </Filter>
    <Filter Include="User\Scenes">
      <UniqueIdentifier>{149B2019-8050-990E-0945-93E575F98F12}</UniqueIdentifier>
    </Filter>
    <Filter Include="User\Scripts">
      <UniqueIdentifier>{9BAD1C3E-8710-ACE2-3096-E4981CD87765}</UniqueIdentifier>
    </Filter>
    <Filter Include="User\Scripts\Components">
      <UniqueIdentifier>{D0FB3C2B-3C33-85C2-453D-E9E5B1F3ABBB}</UniqueIdentifier>
    </Filter>
    <Filter Include="User\Scripts\Controllers">
      <UniqueIdentifier>{816C21A2-6D91-7022-96DC-55B282606F40}</UniqueIdentifier>
    </Filter>
  </ItemGroup>
  <ItemGroup>
    <ClInclude Include="Engine\Audio\AudioListener.hpp">
      <Filter>Engine\Audio</Filter>
    </ClInclude>
    <ClInclude Include="Engine\Audio\AudioSource.hpp">
      <Filter>Engine\Audio</Filter>
    </ClInclude>
    <ClInclude Include="Engine\Base\BaseScene.hpp">
      <Filter>Engine\Base</Filter>
    </ClInclude>
    <ClInclude Include="Engine\Base\ScriptBase.hpp">
      <Filter>Engine\Base</Filter>
    </ClInclude>
    <ClInclude Include="Engine\Commands.hpp">
      <Filter>Engine</Filter>
    </ClInclude>
    <ClInclude Include="Engine\Components.hpp">
      <Filter>Engine</Filter>
    </ClInclude>
    <ClInclude Include="Engine\Events\CommandEvents.hpp">
      <Filter>Engine\Events</Filter>
    </ClInclude>
    <ClInclude Include="Engine\Events\ComponentEvents.hpp">
      <Filter>Engine\Events</Filter>
    </ClInclude>
    <ClInclude Include="Engine\Events\Event.hpp">
      <Filter>Engine\Events</Filter>
    </ClInclude>
    <ClInclude Include="Engine\Events\EventHandler.hpp">
      <Filter>Engine\Events</Filter>
    </ClInclude>
    <ClInclude Include="Engine\Events\InputEvents.hpp">
      <Filter>Engine\Events</Filter>
    </ClInclude>
    <ClInclude Include="Engine\Events\ScriptEvents.hpp">
      <Filter>Engine\Events</Filter>
    </ClInclude>
    <ClInclude Include="Engine\Graphics\Camera.hpp">
      <Filter>Engine\Graphics</Filter>
    </ClInclude>
    <ClInclude Include="Engine\Graphics\Font.hpp">
      <Filter>Engine\Graphics</Filter>
    </ClInclude>
    <ClInclude Include="Engine\Graphics\GraphicsAPI.hpp">
      <Filter>Engine\Graphics</Filter>
    </ClInclude>
    <ClInclude Include="Engine\Graphics\GraphicsContext.hpp">
      <Filter>Engine\Graphics</Filter>
    </ClInclude>
    <ClInclude Include="Engine\Graphics\IndexBuffer.hpp">
      <Filter>Engine\Graphics</Filter>
    </ClInclude>
    <ClInclude Include="Engine\Graphics\Material.hpp">
      <Filter>Engine\Graphics</Filter>
    </ClInclude>
    <ClInclude Include="Engine\Graphics\Mesh.hpp">
      <Filter>Engine\Graphics</Filter>
    </ClInclude>
    <ClInclude Include="Engine\Graphics\Model.hpp">
      <Filter>Engine\Graphics</Filter>
    </ClInclude>
    <ClInclude Include="Engine\Graphics\Renderer.hpp">
      <Filter>Engine\Graphics</Filter>
    </ClInclude>
    <ClInclude Include="Engine\Graphics\Renderer2D.hpp">
      <Filter>Engine\Graphics</Filter>
    </ClInclude>
    <ClInclude Include="Engine\Graphics\Shader.hpp">
      <Filter>Engine\Graphics</Filter>
    </ClInclude>
    <ClInclude Include="Engine\Graphics\Texture.hpp">
      <Filter>Engine\Graphics</Filter>
    </ClInclude>
    <ClInclude Include="Engine\Graphics\Vertex.hpp">
      <Filter>Engine\Graphics</Filter>
    </ClInclude>
    <ClInclude Include="Engine\Graphics\VertexArray.hpp">
      <Filter>Engine\Graphics</Filter>
    </ClInclude>
    <ClInclude Include="Engine\Graphics\VertexBuffer.hpp">
      <Filter>Engine\Graphics</Filter>
    </ClInclude>
    <ClInclude Include="Engine\ICommand.hpp">
      <Filter>Engine</Filter>
    </ClInclude>
    <ClInclude Include="Engine\KeyAction.hpp">
      <Filter>Engine</Filter>
    </ClInclude>
    <ClInclude Include="Engine\Managers\AudioManager.hpp">
      <Filter>Engine\Managers</Filter>
    </ClInclude>
    <ClInclude Include="Engine\Managers\CommandManager.hpp">
      <Filter>Engine\Managers</Filter>
    </ClInclude>
    <ClInclude Include="Engine\Managers\GameManager.hpp">
      <Filter>Engine\Managers</Filter>
    </ClInclude>
    <ClInclude Include="Engine\Managers\GraphicsManager.hpp">
      <Filter>Engine\Managers</Filter>
    </ClInclude>
    <ClInclude Include="Engine\Managers\InputManager.hpp">
      <Filter>Engine\Managers</Filter>
    </ClInclude>
    <ClInclude Include="Engine\Platform\OpenGL\OpenGLAPI.hpp">
      <Filter>Engine\Platform\OpenGL</Filter>
    </ClInclude>
    <ClInclude Include="Engine\Platform\OpenGL\OpenGLIndexBuffer.hpp">
      <Filter>Engine\Platform\OpenGL</Filter>
    </ClInclude>
    <ClInclude Include="Engine\Platform\OpenGL\OpenGLMaterial.hpp">
      <Filter>Engine\Platform\OpenGL</Filter>
    </ClInclude>
    <ClInclude Include="Engine\Platform\OpenGL\OpenGLMesh.hpp">
      <Filter>Engine\Platform\OpenGL</Filter>
    </ClInclude>
    <ClInclude Include="Engine\Platform\OpenGL\OpenGLModel.hpp">
      <Filter>Engine\Platform\OpenGL</Filter>
    </ClInclude>
    <ClInclude Include="Engine\Platform\OpenGL\OpenGLShader.hpp">
      <Filter>Engine\Platform\OpenGL</Filter>
    </ClInclude>
    <ClInclude Include="Engine\Platform\OpenGL\OpenGLTexture.hpp">
      <Filter>Engine\Platform\OpenGL</Filter>
    </ClInclude>
    <ClInclude Include="Engine\Platform\OpenGL\OpenGLVertexArray.hpp">
      <Filter>Engine\Platform\OpenGL</Filter>
    </ClInclude>
    <ClInclude Include="Engine\Platform\OpenGL\OpenGLVertexBuffer.hpp">
      <Filter>Engine\Platform\OpenGL</Filter>
    </ClInclude>
    <ClInclude Include="Engine\Systems\SAudio.hpp">
      <Filter>Engine\Systems</Filter>
    </ClInclude>
    <ClInclude Include="Engine\Systems\SRender.hpp">
      <Filter>Engine\Systems</Filter>
    </ClInclude>
    <ClInclude Include="Engine\Util\EngineUtil.hpp">
      <Filter>Engine\Util</Filter>
    </ClInclude>
    <ClInclude Include="Engine\Util\GameSettings.hpp">
      <Filter>Engine\Util</Filter>
    </ClInclude>
    <ClInclude Include="Engine\Util\MathUtil.hpp">
      <Filter>Engine\Util</Filter>
    </ClInclude>
    <ClInclude Include="Engine\Util\OpenALUtil.hpp">
      <Filter>Engine\Util</Filter>
    </ClInclude>
    <ClInclude Include="Engine\Util\OpenGLUtil.hpp">
      <Filter>Engine\Util</Filter>
    </ClInclude>
    <ClInclude Include="Engine\Util\platform.hpp">
      <Filter>Engine\Util</Filter>
    </ClInclude>
    <ClInclude Include="User\Events\ButtonEvents.hpp">
      <Filter>User\Events</Filter>
    </ClInclude>
    <ClInclude Include="User\Events\FactoryEvents.hpp">
      <Filter>User\Events</Filter>
    </ClInclude>
    <ClInclude Include="User\Events\HealthEvents.hpp">
      <Filter>User\Events</Filter>
    </ClInclude>
    <ClInclude Include="User\Scenes\TestScene.hpp">
      <Filter>User\Scenes</Filter>
    </ClInclude>
    <ClInclude Include="User\Scripts\Components\Asteroid.hpp">
      <Filter>User\Scripts\Components</Filter>
    </ClInclude>
    <ClInclude Include="User\Scripts\Components\Damage.hpp">
      <Filter>User\Scripts\Components</Filter>
    </ClInclude>
    <ClInclude Include="User\Scripts\Components\EnemyShip.hpp">
      <Filter>User\Scripts\Components</Filter>
    </ClInclude>
    <ClInclude Include="User\Scripts\Components\Health.hpp">
      <Filter>User\Scripts\Components</Filter>
    </ClInclude>
    <ClInclude Include="User\Scripts\Components\Player.hpp">
      <Filter>User\Scripts\Components</Filter>
    </ClInclude>
    <ClInclude Include="User\Scripts\Components\Projectile.hpp">
      <Filter>User\Scripts\Components</Filter>
    </ClInclude>
    <ClInclude Include="User\Scripts\Controllers\CameraController.hpp">
      <Filter>User\Scripts\Controllers</Filter>
    </ClInclude>
    <ClInclude Include="User\Scripts\Controllers\PlayerController.hpp">
      <Filter>User\Scripts\Controllers</Filter>
    </ClInclude>
    <ClInclude Include="User\Scripts\Controllers\TestSceneController.hpp">
      <Filter>User\Scripts\Controllers</Filter>
    </ClInclude>
    <ClInclude Include="User\Scripts\Factory.hpp">
      <Filter>User\Scripts</Filter>
    </ClInclude>
    <ClInclude Include="pch.hpp" />
  </ItemGroup>
  <ItemGroup>
    <ClCompile Include="Engine\Audio\AudioListener.cpp">
      <Filter>Engine\Audio</Filter>
    </ClCompile>
    <ClCompile Include="Engine\Audio\AudioSource.cpp">
      <Filter>Engine\Audio</Filter>
    </ClCompile>
    <ClCompile Include="Engine\Base\BaseScene.cpp">
      <Filter>Engine\Base</Filter>
    </ClCompile>
    <ClCompile Include="Engine\Base\ScriptBase.cpp">
      <Filter>Engine\Base</Filter>
    </ClCompile>
    <ClCompile Include="Engine\Events\EventHandler.cpp">
      <Filter>Engine\Events</Filter>
    </ClCompile>
    <ClCompile Include="Engine\Graphics\Camera.cpp">
      <Filter>Engine\Graphics</Filter>
    </ClCompile>
    <ClCompile Include="Engine\Graphics\Font.cpp">
      <Filter>Engine\Graphics</Filter>
    </ClCompile>
    <ClCompile Include="Engine\Graphics\GraphicsAPI.cpp">
      <Filter>Engine\Graphics</Filter>
    </ClCompile>
    <ClCompile Include="Engine\Graphics\GraphicsContext.cpp">
      <Filter>Engine\Graphics</Filter>
    </ClCompile>
    <ClCompile Include="Engine\Graphics\IndexBuffer.cpp">
      <Filter>Engine\Graphics</Filter>
    </ClCompile>
    <ClCompile Include="Engine\Graphics\Material.cpp">
      <Filter>Engine\Graphics</Filter>
    </ClCompile>
    <ClCompile Include="Engine\Graphics\Mesh.cpp">
      <Filter>Engine\Graphics</Filter>
    </ClCompile>
    <ClCompile Include="Engine\Graphics\Model.cpp">
      <Filter>Engine\Graphics</Filter>
    </ClCompile>
    <ClCompile Include="Engine\Graphics\Renderer.cpp">
      <Filter>Engine\Graphics</Filter>
    </ClCompile>
    <ClCompile Include="Engine\Graphics\Renderer2D.cpp">
      <Filter>Engine\Graphics</Filter>
    </ClCompile>
    <ClCompile Include="Engine\Graphics\Shader.cpp">
      <Filter>Engine\Graphics</Filter>
    </ClCompile>
    <ClCompile Include="Engine\Graphics\Texture.cpp">
      <Filter>Engine\Graphics</Filter>
    </ClCompile>
    <ClCompile Include="Engine\Graphics\VertexArray.cpp">
      <Filter>Engine\Graphics</Filter>
    </ClCompile>
    <ClCompile Include="Engine\Graphics\VertexBuffer.cpp">
      <Filter>Engine\Graphics</Filter>
    </ClCompile>
    <ClCompile Include="Engine\Managers\AudioManager.cpp">
      <Filter>Engine\Managers</Filter>
    </ClCompile>
    <ClCompile Include="Engine\Managers\CommandManager.cpp">
      <Filter>Engine\Managers</Filter>
    </ClCompile>
    <ClCompile Include="Engine\Managers\GameManager.cpp">
      <Filter>Engine\Managers</Filter>
    </ClCompile>
    <ClCompile Include="Engine\Managers\GraphicsManager.cpp">
      <Filter>Engine\Managers</Filter>
    </ClCompile>
    <ClCompile Include="Engine\Managers\InputManager.cpp">
      <Filter>Engine\Managers</Filter>
    </ClCompile>
    <ClCompile Include="Engine\Platform\OpenGL\OpenGLAPI.cpp">
      <Filter>Engine\Platform\OpenGL</Filter>
    </ClCompile>
    <ClCompile Include="Engine\Platform\OpenGL\OpenGLIndexBuffer.cpp">
      <Filter>Engine\Platform\OpenGL</Filter>
    </ClCompile>
    <ClCompile Include="Engine\Platform\OpenGL\OpenGLMaterial.cpp">
      <Filter>Engine\Platform\OpenGL</Filter>
    </ClCompile>
    <ClCompile Include="Engine\Platform\OpenGL\OpenGLMesh.cpp">
      <Filter>Engine\Platform\OpenGL</Filter>
    </ClCompile>
    <ClCompile Include="Engine\Platform\OpenGL\OpenGLModel.cpp">
      <Filter>Engine\Platform\OpenGL</Filter>
    </ClCompile>
    <ClCompile Include="Engine\Platform\OpenGL\OpenGLShader.cpp">
      <Filter>Engine\Platform\OpenGL</Filter>
    </ClCompile>
    <ClCompile Include="Engine\Platform\OpenGL\OpenGLTexture.cpp">
      <Filter>Engine\Platform\OpenGL</Filter>
    </ClCompile>
    <ClCompile Include="Engine\Platform\OpenGL\OpenGLVertexArray.cpp">
      <Filter>Engine\Platform\OpenGL</Filter>
    </ClCompile>
    <ClCompile Include="Engine\Platform\OpenGL\OpenGLVertexBuffer.cpp">
      <Filter>Engine\Platform\OpenGL</Filter>
    </ClCompile>
    <ClCompile Include="Engine\Systems\SAudio.cpp">
      <Filter>Engine\Systems</Filter>
    </ClCompile>
    <ClCompile Include="Engine\Systems\SRender.cpp">
      <Filter>Engine\Systems</Filter>
    </ClCompile>
    <ClCompile Include="Engine\Util\EngineUtil.cpp">
      <Filter>Engine\Util</Filter>
    </ClCompile>
    <ClCompile Include="Engine\Util\OpenALUtil.cpp">
      <Filter>Engine\Util</Filter>
    </ClCompile>
    <ClCompile Include="Engine\Util\OpenGLUtil.cpp">
      <Filter>Engine\Util</Filter>
    </ClCompile>
    <ClCompile Include="User\Scenes\TestScene.cpp">
      <Filter>User\Scenes</Filter>
    </ClCompile>
    <ClCompile Include="User\Scripts\Controllers\CameraController.cpp">
      <Filter>User\Scripts\Controllers</Filter>
    </ClCompile>
    <ClCompile Include="User\Scripts\Controllers\PlayerController.cpp">
      <Filter>User\Scripts\Controllers</Filter>
    </ClCompile>
    <ClCompile Include="User\Scripts\Controllers\TestSceneController.cpp">
      <Filter>User\Scripts\Controllers</Filter>
    </ClCompile>
    <ClCompile Include="User\Scripts\Factory.cpp">
      <Filter>User\Scripts</Filter>
    </ClCompile>
    <ClCompile Include="main.cpp" />
    <ClCompile Include="pch.cpp" />
  </ItemGroup>
</Project>